
Microsoft Visual Studio Solution File, Format Version 12.00
# Visual Studio Version 17
VisualStudioVersion = 17.9.34616.47
MinimumVisualStudioVersion = 10.0.40219.1
Project("{FAE04EC0-301F-11D3-BF4B-00C04F79EFBC}") = "LearnHub.API", "LearnHub.API\LearnHub.API.csproj", "{BA9B5D1A-0257-4ACF-AC47-C4014F78496A}"
EndProject
Global
	GlobalSection(SolutionConfigurationPlatforms) = preSolution
		Debug|Any CPU = Debug|Any CPU
		Release|Any CPU = Release|Any CPU
	EndGlobalSection
	GlobalSection(ProjectConfigurationPlatforms) = postSolution
		{BA9B5D1A-0257-4ACF-AC47-C4014F78496A}.Debug|Any CPU.ActiveCfg = Debug|Any CPU
		{BA9B5D1A-0257-4ACF-AC47-C4014F78496A}.Debug|Any CPU.Build.0 = Debug|Any CPU
		{BA9B5D1A-0257-4ACF-AC47-C4014F78496A}.Release|Any CPU.ActiveCfg = Release|Any CPU
		{BA9B5D1A-0257-4ACF-AC47-C4014F78496A}.Release|Any CPU.Build.0 = Release|Any CPU
	EndGlobalSection
	GlobalSection(SolutionProperties) = preSolution
		HideSolutionNode = FALSE
	EndGlobalSection
	GlobalSection(ExtensibilityGlobals) = postSolution
		SolutionGuid = {CCC83B5C-BB21-4939-A5BC-88A2C707D904}
	EndGlobalSection
EndGlobal
